<?xml version="1.0" encoding="utf-8"?>
<Project ToolsVersion="4.0" xmlns="http://schemas.microsoft.com/developer/msbuild/2003">
  <ItemGroup>
    <Filter Include="Source Files">
      <UniqueIdentifier>{4FC737F1-C7A5-4376-A066-2A32D752A2FF}</UniqueIdentifier>
      <Extensions>cpp;c;cc;cxx;def;odl;idl;hpj;bat;asm;asmx</Extensions>
    </Filter>
    <Filter Include="Header Files">
      <UniqueIdentifier>{93995380-89BD-4b04-88EB-625FBE52EBFB}</UniqueIdentifier>
      <Extensions>h;hh;hpp;hxx;hm;inl;inc;ipp;xsd</Extensions>
    </Filter>
    <Filter Include="Resource Files">
      <UniqueIdentifier>{67DA6AB6-F800-4c08-8B7A-83BB121AAD01}</UniqueIdentifier>
      <Extensions>rc;ico;cur;bmp;dlg;rc2;rct;bin;rgs;gif;jpg;jpeg;jpe;resx;tiff;tif;png;wav;mfcribbon-ms</Extensions>
    </Filter>
  </ItemGroup>
  <ItemGroup>
    <ClInclude Include="framework.h">
      <Filter>Header Files</Filter>
    </ClInclude>
    <ClInclude Include="pch.h">
      <Filter>Header Files</Filter>
    </ClInclude>
    <ClInclude Include="DayAndValue.h">
      <Filter>Header Files</Filter>
    </ClInclude>
    <ClInclude Include="FrostStatistics.h">
      <Filter>Header Files</Filter>
    </ClInclude>
    <ClInclude Include="DegreeDayCalculator.h">
      <Filter>Header Files</Filter>
    </ClInclude>
    <ClInclude Include="YearAndMonthBuckets.h">
      <Filter>Header Files</Filter>
    </ClInclude>
    <ClInclude Include="WeatherAlgorithms.h">
      <Filter>Header Files</Filter>
    </ClInclude>
    <ClInclude Include="HomeDataFolderReader.h">
      <Filter>Header Files</Filter>
    </ClInclude>
    <ClInclude Include="XsvReader.h">
      <Filter>Header Files</Filter>
    </ClInclude>
    <ClInclude Include="HomeWeatherReadings.h">
      <Filter>Header Files</Filter>
    </ClInclude>
    <ClInclude Include="DaySeries.h">
      <Filter>Header Files</Filter>
    </ClInclude>
    <ClInclude Include="DataReaderFunctions.h">
      <Filter>Header Files</Filter>
    </ClInclude>
  </ItemGroup>
  <ItemGroup>
    <ClCompile Include="pch.cpp">
      <Filter>Source Files</Filter>
    </ClCompile>
    <ClCompile Include="DayAndValue.cpp">
      <Filter>Source Files</Filter>
    </ClCompile>
    <ClCompile Include="DegreeDayCalculator.cpp">
      <Filter>Source Files</Filter>
    </ClCompile>
    <ClCompile Include="YearAndMonthBuckets.cpp">
      <Filter>Source Files</Filter>
    </ClCompile>
    <ClCompile Include="WeatherAlgorithms.cpp">
      <Filter>Source Files</Filter>
    </ClCompile>
    <ClCompile Include="HomeDataFolderReader.cpp">
      <Filter>Source Files</Filter>
    </ClCompile>
    <ClCompile Include="XsvReader.cpp">
      <Filter>Source Files</Filter>
    </ClCompile>
    <ClCompile Include="HomeWeatherReadings.cpp">
      <Filter>Source Files</Filter>
    </ClCompile>
    <ClCompile Include="DaySeries.cpp">
      <Filter>Source Files</Filter>
    </ClCompile>
    <ClCompile Include="DataReaderFunctions.cpp">
      <Filter>Source Files</Filter>
    </ClCompile>
  </ItemGroup>
</Project>